
Microsoft Visual Studio Solution File, Format Version 12.00
# Visual Studio Version 16
VisualStudioVersion = 16.0.30621.155
MinimumVisualStudioVersion = 10.0.40219.1
Project("{9A19103F-16F7-4668-BE54-9A1E7A4F7556}") = "IGNQuery", "IGNQuery\IGNQuery.csproj", "{19BD048C-7980-4A4F-B960-93F5815C2239}"
EndProject
Project("{9A19103F-16F7-4668-BE54-9A1E7A4F7556}") = "IGNQuery.SqlServer", "IGNQuery.SqlServer\IGNQuery.SqlServer.csproj", "{6D246DD0-BA6B-4BD8-AAE8-835D4B3843BC}"
EndProject
Project("{9A19103F-16F7-4668-BE54-9A1E7A4F7556}") = "IGNQuery.MySql", "IGNQuery.MySql\IGNQuery.MySql.csproj", "{AA12CB98-7416-4E22-8CB9-AA8CF8929318}"
EndProject
Project("{9A19103F-16F7-4668-BE54-9A1E7A4F7556}") = "IGNQuery.SqlServer.Test", "IGNQuery.SqlServer.Test\IGNQuery.SqlServer.Test.csproj", "{F209F4A6-BD45-4389-910F-A373354427C1}"
EndProject
Project("{9A19103F-16F7-4668-BE54-9A1E7A4F7556}") = "IGNQuery.Test", "IGNQuery.Test\IGNQuery.Test.csproj", "{A41B1C9C-E522-4AE6-B510-EDDB51CE47B7}"
EndProject
Project("{FAE04EC0-301F-11D3-BF4B-00C04F79EFBC}") = "IGNQuery.MySql.Test", "IGNQuery.MySql.Test\IGNQuery.MySql.Test.csproj", "{3EE82204-1B0F-4689-8024-BBDCD8BD2F1F}"
EndProject
Global
	GlobalSection(SolutionConfigurationPlatforms) = preSolution
		Debug|Any CPU = Debug|Any CPU
		Release|Any CPU = Release|Any CPU
	EndGlobalSection
	GlobalSection(ProjectConfigurationPlatforms) = postSolution
		{19BD048C-7980-4A4F-B960-93F5815C2239}.Debug|Any CPU.ActiveCfg = Debug|Any CPU
		{19BD048C-7980-4A4F-B960-93F5815C2239}.Debug|Any CPU.Build.0 = Debug|Any CPU
		{19BD048C-7980-4A4F-B960-93F5815C2239}.Release|Any CPU.ActiveCfg = Release|Any CPU
		{19BD048C-7980-4A4F-B960-93F5815C2239}.Release|Any CPU.Build.0 = Release|Any CPU
		{6D246DD0-BA6B-4BD8-AAE8-835D4B3843BC}.Debug|Any CPU.ActiveCfg = Debug|Any CPU
		{6D246DD0-BA6B-4BD8-AAE8-835D4B3843BC}.Debug|Any CPU.Build.0 = Debug|Any CPU
		{6D246DD0-BA6B-4BD8-AAE8-835D4B3843BC}.Release|Any CPU.ActiveCfg = Release|Any CPU
		{6D246DD0-BA6B-4BD8-AAE8-835D4B3843BC}.Release|Any CPU.Build.0 = Release|Any CPU
		{AA12CB98-7416-4E22-8CB9-AA8CF8929318}.Debug|Any CPU.ActiveCfg = Debug|Any CPU
		{AA12CB98-7416-4E22-8CB9-AA8CF8929318}.Debug|Any CPU.Build.0 = Debug|Any CPU
		{AA12CB98-7416-4E22-8CB9-AA8CF8929318}.Release|Any CPU.ActiveCfg = Release|Any CPU
		{AA12CB98-7416-4E22-8CB9-AA8CF8929318}.Release|Any CPU.Build.0 = Release|Any CPU
		{F209F4A6-BD45-4389-910F-A373354427C1}.Debug|Any CPU.ActiveCfg = Debug|Any CPU
		{F209F4A6-BD45-4389-910F-A373354427C1}.Debug|Any CPU.Build.0 = Debug|Any CPU
		{F209F4A6-BD45-4389-910F-A373354427C1}.Release|Any CPU.ActiveCfg = Release|Any CPU
		{F209F4A6-BD45-4389-910F-A373354427C1}.Release|Any CPU.Build.0 = Release|Any CPU
		{A41B1C9C-E522-4AE6-B510-EDDB51CE47B7}.Debug|Any CPU.ActiveCfg = Debug|Any CPU
		{A41B1C9C-E522-4AE6-B510-EDDB51CE47B7}.Debug|Any CPU.Build.0 = Debug|Any CPU
		{A41B1C9C-E522-4AE6-B510-EDDB51CE47B7}.Release|Any CPU.ActiveCfg = Release|Any CPU
		{A41B1C9C-E522-4AE6-B510-EDDB51CE47B7}.Release|Any CPU.Build.0 = Release|Any CPU
		{3EE82204-1B0F-4689-8024-BBDCD8BD2F1F}.Debug|Any CPU.ActiveCfg = Debug|Any CPU
		{3EE82204-1B0F-4689-8024-BBDCD8BD2F1F}.Debug|Any CPU.Build.0 = Debug|Any CPU
		{3EE82204-1B0F-4689-8024-BBDCD8BD2F1F}.Release|Any CPU.ActiveCfg = Release|Any CPU
		{3EE82204-1B0F-4689-8024-BBDCD8BD2F1F}.Release|Any CPU.Build.0 = Release|Any CPU
	EndGlobalSection
	GlobalSection(SolutionProperties) = preSolution
		HideSolutionNode = FALSE
	EndGlobalSection
	GlobalSection(ExtensibilityGlobals) = postSolution
		SolutionGuid = {6CF33AE6-83BA-4C61-9F9B-B674071435A6}
	EndGlobalSection
EndGlobal
